
Microsoft Visual Studio Solution File, Format Version 12.00
# Visual Studio 15
VisualStudioVersion = 15.0.26730.10
MinimumVisualStudioVersion = 10.0.40219.1
Project("{FAE04EC0-301F-11D3-BF4B-00C04F79EFBC}") = "Cilesta", "Cilesta\Cilesta.csproj", "{B04773F0-B9E3-4777-B047-2D72ECCD9498}"
EndProject
Project("{2150E333-8FDC-42A3-9474-1A3956D46DE8}") = "Core", "Core", "{E126E539-F7AC-41D4-AE25-1429B6FB86FE}"
EndProject
Project("{2150E333-8FDC-42A3-9474-1A3956D46DE8}") = "Katarina", "Katarina", "{2089CEA8-57F9-4856-B2D3-CE26BCA1FAD9}"
EndProject
Project("{FAE04EC0-301F-11D3-BF4B-00C04F79EFBC}") = "Cilesta.Data", "Cilesta.Data\Cilesta.Data.csproj", "{7F0F91EE-C9D7-41E9-9027-116044C6744F}"
EndProject
Project("{FAE04EC0-301F-11D3-BF4B-00C04F79EFBC}") = "Cilesta.Data.Katarina", "Cilesta.Data.Katarina\Cilesta.Data.Katarina.csproj", "{37D96218-E119-4EFA-8E96-7399B5ACFAE7}"
EndProject
Project("{FAE04EC0-301F-11D3-BF4B-00C04F79EFBC}") = "Cilesta.Configuration", "Cilesta.Configuration\Cilesta.Configuration.csproj", "{4861D901-1A4D-45E2-93DE-3A671B601477}"
EndProject
Project("{FAE04EC0-301F-11D3-BF4B-00C04F79EFBC}") = "Cilesta.Configuration.Katarina", "Cilesta.Configuration.Katarina\Cilesta.Configuration.Katarina.csproj", "{11C46FEC-6195-4A6A-91C2-B28A10A29FAE}"
EndProject
Project("{FAE04EC0-301F-11D3-BF4B-00C04F79EFBC}") = "Cilesta.Utils", "Cilesta.Utils\Cilesta.Utils.csproj", "{D01CCC7A-2ABE-451F-BBA0-63BD1B1AE339}"
EndProject
Project("{FAE04EC0-301F-11D3-BF4B-00C04F79EFBC}") = "Cilesta.Web", "Cilesta.Web\Cilesta.Web.csproj", "{1B8ABC83-C59B-42F4-8D27-01ECD7128CDD}"
EndProject
Project("{FAE04EC0-301F-11D3-BF4B-00C04F79EFBC}") = "Cilesta.Web.Katarina", "Cilesta.Web.Katarina\Cilesta.Web.Katarina.csproj", "{48ADC878-5691-47C8-A780-72D724F1BB35}"
EndProject
Project("{FAE04EC0-301F-11D3-BF4B-00C04F79EFBC}") = "Cilesta.Logging", "Cilesta.Logging\Cilesta.Logging.csproj", "{9C5ED0EF-01B0-47BE-918F-A10660A2F8CE}"
EndProject
Project("{FAE04EC0-301F-11D3-BF4B-00C04F79EFBC}") = "Cilesta.Logging.Katarina", "Cilesta.Logging.Katarina\Cilesta.Logging.Katarina.csproj", "{6D3B3796-6571-4FA1-9D10-6574538783BF}"
EndProject
Project("{FAE04EC0-301F-11D3-BF4B-00C04F79EFBC}") = "Cilesta.Core", "Cilesta.Core\Cilesta.Core.csproj", "{D0649389-FDC1-4F75-B590-0023F670F1DE}"
EndProject
Project("{FAE04EC0-301F-11D3-BF4B-00C04F79EFBC}") = "Cilesta.Security", "Cilesta.Security\Cilesta.Security.csproj", "{F0F2D004-EDDA-4666-B4CF-2747344D18F4}"
EndProject
Project("{FAE04EC0-301F-11D3-BF4B-00C04F79EFBC}") = "Cilesta.Security.Katarina", "Cilesta.Security.Katarina\Cilesta.Security.Katarina.csproj", "{B97085EB-D2C1-4A69-8C26-784BBB81AD29}"
EndProject
Project("{FAE04EC0-301F-11D3-BF4B-00C04F79EFBC}") = "Cilesta.Domain", "Cilesta.DomainService\Cilesta.Domain.csproj", "{38E15EDA-8AEC-489A-A6E2-423486BBE126}"
EndProject
Project("{FAE04EC0-301F-11D3-BF4B-00C04F79EFBC}") = "Cilesta.Domain.Katarina", "Cilesta.Domain.Katarina\Cilesta.Domain.Katarina.csproj", "{6C546924-9DF8-4332-8007-7DA2DAB69488}"
EndProject
Project("{FAE04EC0-301F-11D3-BF4B-00C04F79EFBC}") = "Cilesta.Metadata", "Cilesta.Metadata\Cilesta.Metadata.csproj", "{FA53AEC9-9E4D-4793-95F2-CE09C13392B3}"
EndProject
Global
	GlobalSection(SolutionConfigurationPlatforms) = preSolution
		Debug|Any CPU = Debug|Any CPU
		Release|Any CPU = Release|Any CPU
	EndGlobalSection
	GlobalSection(ProjectConfigurationPlatforms) = postSolution
		{B04773F0-B9E3-4777-B047-2D72ECCD9498}.Debug|Any CPU.ActiveCfg = Debug|Any CPU
		{B04773F0-B9E3-4777-B047-2D72ECCD9498}.Debug|Any CPU.Build.0 = Debug|Any CPU
		{B04773F0-B9E3-4777-B047-2D72ECCD9498}.Release|Any CPU.ActiveCfg = Release|Any CPU
		{B04773F0-B9E3-4777-B047-2D72ECCD9498}.Release|Any CPU.Build.0 = Release|Any CPU
		{7F0F91EE-C9D7-41E9-9027-116044C6744F}.Debug|Any CPU.ActiveCfg = Debug|Any CPU
		{7F0F91EE-C9D7-41E9-9027-116044C6744F}.Debug|Any CPU.Build.0 = Debug|Any CPU
		{7F0F91EE-C9D7-41E9-9027-116044C6744F}.Release|Any CPU.ActiveCfg = Release|Any CPU
		{7F0F91EE-C9D7-41E9-9027-116044C6744F}.Release|Any CPU.Build.0 = Release|Any CPU
		{37D96218-E119-4EFA-8E96-7399B5ACFAE7}.Debug|Any CPU.ActiveCfg = Debug|Any CPU
		{37D96218-E119-4EFA-8E96-7399B5ACFAE7}.Debug|Any CPU.Build.0 = Debug|Any CPU
		{37D96218-E119-4EFA-8E96-7399B5ACFAE7}.Release|Any CPU.ActiveCfg = Release|Any CPU
		{37D96218-E119-4EFA-8E96-7399B5ACFAE7}.Release|Any CPU.Build.0 = Release|Any CPU
		{4861D901-1A4D-45E2-93DE-3A671B601477}.Debug|Any CPU.ActiveCfg = Debug|Any CPU
		{4861D901-1A4D-45E2-93DE-3A671B601477}.Debug|Any CPU.Build.0 = Debug|Any CPU
		{4861D901-1A4D-45E2-93DE-3A671B601477}.Release|Any CPU.ActiveCfg = Release|Any CPU
		{4861D901-1A4D-45E2-93DE-3A671B601477}.Release|Any CPU.Build.0 = Release|Any CPU
		{11C46FEC-6195-4A6A-91C2-B28A10A29FAE}.Debug|Any CPU.ActiveCfg = Debug|Any CPU
		{11C46FEC-6195-4A6A-91C2-B28A10A29FAE}.Debug|Any CPU.Build.0 = Debug|Any CPU
		{11C46FEC-6195-4A6A-91C2-B28A10A29FAE}.Release|Any CPU.ActiveCfg = Release|Any CPU
		{11C46FEC-6195-4A6A-91C2-B28A10A29FAE}.Release|Any CPU.Build.0 = Release|Any CPU
		{D01CCC7A-2ABE-451F-BBA0-63BD1B1AE339}.Debug|Any CPU.ActiveCfg = Debug|Any CPU
		{D01CCC7A-2ABE-451F-BBA0-63BD1B1AE339}.Debug|Any CPU.Build.0 = Debug|Any CPU
		{D01CCC7A-2ABE-451F-BBA0-63BD1B1AE339}.Release|Any CPU.ActiveCfg = Release|Any CPU
		{D01CCC7A-2ABE-451F-BBA0-63BD1B1AE339}.Release|Any CPU.Build.0 = Release|Any CPU
		{1B8ABC83-C59B-42F4-8D27-01ECD7128CDD}.Debug|Any CPU.ActiveCfg = Debug|Any CPU
		{1B8ABC83-C59B-42F4-8D27-01ECD7128CDD}.Debug|Any CPU.Build.0 = Debug|Any CPU
		{1B8ABC83-C59B-42F4-8D27-01ECD7128CDD}.Release|Any CPU.ActiveCfg = Release|Any CPU
		{1B8ABC83-C59B-42F4-8D27-01ECD7128CDD}.Release|Any CPU.Build.0 = Release|Any CPU
		{48ADC878-5691-47C8-A780-72D724F1BB35}.Debug|Any CPU.ActiveCfg = Debug|Any CPU
		{48ADC878-5691-47C8-A780-72D724F1BB35}.Debug|Any CPU.Build.0 = Debug|Any CPU
		{48ADC878-5691-47C8-A780-72D724F1BB35}.Release|Any CPU.ActiveCfg = Release|Any CPU
		{48ADC878-5691-47C8-A780-72D724F1BB35}.Release|Any CPU.Build.0 = Release|Any CPU
		{9C5ED0EF-01B0-47BE-918F-A10660A2F8CE}.Debug|Any CPU.ActiveCfg = Debug|Any CPU
		{9C5ED0EF-01B0-47BE-918F-A10660A2F8CE}.Debug|Any CPU.Build.0 = Debug|Any CPU
		{9C5ED0EF-01B0-47BE-918F-A10660A2F8CE}.Release|Any CPU.ActiveCfg = Release|Any CPU
		{9C5ED0EF-01B0-47BE-918F-A10660A2F8CE}.Release|Any CPU.Build.0 = Release|Any CPU
		{6D3B3796-6571-4FA1-9D10-6574538783BF}.Debug|Any CPU.ActiveCfg = Debug|Any CPU
		{6D3B3796-6571-4FA1-9D10-6574538783BF}.Debug|Any CPU.Build.0 = Debug|Any CPU
		{6D3B3796-6571-4FA1-9D10-6574538783BF}.Release|Any CPU.ActiveCfg = Release|Any CPU
		{6D3B3796-6571-4FA1-9D10-6574538783BF}.Release|Any CPU.Build.0 = Release|Any CPU
		{D0649389-FDC1-4F75-B590-0023F670F1DE}.Debug|Any CPU.ActiveCfg = Debug|Any CPU
		{D0649389-FDC1-4F75-B590-0023F670F1DE}.Debug|Any CPU.Build.0 = Debug|Any CPU
		{D0649389-FDC1-4F75-B590-0023F670F1DE}.Release|Any CPU.ActiveCfg = Release|Any CPU
		{D0649389-FDC1-4F75-B590-0023F670F1DE}.Release|Any CPU.Build.0 = Release|Any CPU
		{F0F2D004-EDDA-4666-B4CF-2747344D18F4}.Debug|Any CPU.ActiveCfg = Debug|Any CPU
		{F0F2D004-EDDA-4666-B4CF-2747344D18F4}.Debug|Any CPU.Build.0 = Debug|Any CPU
		{F0F2D004-EDDA-4666-B4CF-2747344D18F4}.Release|Any CPU.ActiveCfg = Release|Any CPU
		{F0F2D004-EDDA-4666-B4CF-2747344D18F4}.Release|Any CPU.Build.0 = Release|Any CPU
		{B97085EB-D2C1-4A69-8C26-784BBB81AD29}.Debug|Any CPU.ActiveCfg = Debug|Any CPU
		{B97085EB-D2C1-4A69-8C26-784BBB81AD29}.Debug|Any CPU.Build.0 = Debug|Any CPU
		{B97085EB-D2C1-4A69-8C26-784BBB81AD29}.Release|Any CPU.ActiveCfg = Release|Any CPU
		{B97085EB-D2C1-4A69-8C26-784BBB81AD29}.Release|Any CPU.Build.0 = Release|Any CPU
		{38E15EDA-8AEC-489A-A6E2-423486BBE126}.Debug|Any CPU.ActiveCfg = Debug|Any CPU
		{38E15EDA-8AEC-489A-A6E2-423486BBE126}.Debug|Any CPU.Build.0 = Debug|Any CPU
		{38E15EDA-8AEC-489A-A6E2-423486BBE126}.Release|Any CPU.ActiveCfg = Release|Any CPU
		{38E15EDA-8AEC-489A-A6E2-423486BBE126}.Release|Any CPU.Build.0 = Release|Any CPU
		{6C546924-9DF8-4332-8007-7DA2DAB69488}.Debug|Any CPU.ActiveCfg = Debug|Any CPU
		{6C546924-9DF8-4332-8007-7DA2DAB69488}.Debug|Any CPU.Build.0 = Debug|Any CPU
		{6C546924-9DF8-4332-8007-7DA2DAB69488}.Release|Any CPU.ActiveCfg = Release|Any CPU
		{6C546924-9DF8-4332-8007-7DA2DAB69488}.Release|Any CPU.Build.0 = Release|Any CPU
		{FA53AEC9-9E4D-4793-95F2-CE09C13392B3}.Debug|Any CPU.ActiveCfg = Debug|Any CPU
		{FA53AEC9-9E4D-4793-95F2-CE09C13392B3}.Debug|Any CPU.Build.0 = Debug|Any CPU
		{FA53AEC9-9E4D-4793-95F2-CE09C13392B3}.Release|Any CPU.ActiveCfg = Release|Any CPU
		{FA53AEC9-9E4D-4793-95F2-CE09C13392B3}.Release|Any CPU.Build.0 = Release|Any CPU
	EndGlobalSection
	GlobalSection(SolutionProperties) = preSolution
		HideSolutionNode = FALSE
	EndGlobalSection
	GlobalSection(NestedProjects) = preSolution
		{7F0F91EE-C9D7-41E9-9027-116044C6744F} = {E126E539-F7AC-41D4-AE25-1429B6FB86FE}
		{37D96218-E119-4EFA-8E96-7399B5ACFAE7} = {2089CEA8-57F9-4856-B2D3-CE26BCA1FAD9}
		{4861D901-1A4D-45E2-93DE-3A671B601477} = {E126E539-F7AC-41D4-AE25-1429B6FB86FE}
		{11C46FEC-6195-4A6A-91C2-B28A10A29FAE} = {2089CEA8-57F9-4856-B2D3-CE26BCA1FAD9}
		{D01CCC7A-2ABE-451F-BBA0-63BD1B1AE339} = {E126E539-F7AC-41D4-AE25-1429B6FB86FE}
		{1B8ABC83-C59B-42F4-8D27-01ECD7128CDD} = {E126E539-F7AC-41D4-AE25-1429B6FB86FE}
		{48ADC878-5691-47C8-A780-72D724F1BB35} = {2089CEA8-57F9-4856-B2D3-CE26BCA1FAD9}
		{9C5ED0EF-01B0-47BE-918F-A10660A2F8CE} = {E126E539-F7AC-41D4-AE25-1429B6FB86FE}
		{6D3B3796-6571-4FA1-9D10-6574538783BF} = {2089CEA8-57F9-4856-B2D3-CE26BCA1FAD9}
		{D0649389-FDC1-4F75-B590-0023F670F1DE} = {E126E539-F7AC-41D4-AE25-1429B6FB86FE}
		{F0F2D004-EDDA-4666-B4CF-2747344D18F4} = {E126E539-F7AC-41D4-AE25-1429B6FB86FE}
		{B97085EB-D2C1-4A69-8C26-784BBB81AD29} = {2089CEA8-57F9-4856-B2D3-CE26BCA1FAD9}
		{38E15EDA-8AEC-489A-A6E2-423486BBE126} = {E126E539-F7AC-41D4-AE25-1429B6FB86FE}
		{6C546924-9DF8-4332-8007-7DA2DAB69488} = {2089CEA8-57F9-4856-B2D3-CE26BCA1FAD9}
		{FA53AEC9-9E4D-4793-95F2-CE09C13392B3} = {E126E539-F7AC-41D4-AE25-1429B6FB86FE}
	EndGlobalSection
	GlobalSection(ExtensibilityGlobals) = postSolution
		SolutionGuid = {CD10F2CE-28C5-457A-B1E5-974958F052BC}
	EndGlobalSection
EndGlobal
